
Microsoft Visual Studio Solution File, Format Version 12.00
# Visual Studio Version 16
VisualStudioVersion = 16.0.30309.148
MinimumVisualStudioVersion = 10.0.40219.1
Project("{FAE04EC0-301F-11D3-BF4B-00C04F79EFBC}") = "ICM_Prediction_POC", "ICM_Prediction_POC\ICM_Prediction_POC.csproj", "{18862491-9B10-437C-A62B-18BCF72C117D}"
EndProject
Global
	GlobalSection(SolutionConfigurationPlatforms) = preSolution
		Debug|Any CPU = Debug|Any CPU
		Release|Any CPU = Release|Any CPU
	EndGlobalSection
	GlobalSection(ProjectConfigurationPlatforms) = postSolution
		{18862491-9B10-437C-A62B-18BCF72C117D}.Debug|Any CPU.ActiveCfg = Debug|Any CPU
		{18862491-9B10-437C-A62B-18BCF72C117D}.Debug|Any CPU.Build.0 = Debug|Any CPU
		{18862491-9B10-437C-A62B-18BCF72C117D}.Release|Any CPU.ActiveCfg = Release|Any CPU
		{18862491-9B10-437C-A62B-18BCF72C117D}.Release|Any CPU.Build.0 = Release|Any CPU
	EndGlobalSection
	GlobalSection(SolutionProperties) = preSolution
		HideSolutionNode = FALSE
	EndGlobalSection
	GlobalSection(ExtensibilityGlobals) = postSolution
		SolutionGuid = {9D1ABA70-DB9C-42F4-AEDE-1387EE79ED4F}
	EndGlobalSection
EndGlobal
